Microsoft Visual Studio Solution File, Format Version 11.00
# Visual Studio 2008

Project("{19DD752F-3458-7741-3B03-423FD417DA32}") = "SquareCat", "Assembly-CSharp.csproj", "{6D60C0BD-D787-2E71-3340-EB2AD975841E}"
EndProject
Global
	GlobalSection(SolutionConfigurationPlatforms) = preSolution
		Debug|Any CPU = Debug|Any CPU
		Release|Any CPU = Release|Any CPU
	EndGlobalSection
	GlobalSection(ProjectConfigurationPlatforms) = postSolution
		{6D60C0BD-D787-2E71-3340-EB2AD975841E}.Debug|Any CPU.ActiveCfg = Debug|Any CPU
		{6D60C0BD-D787-2E71-3340-EB2AD975841E}.Debug|Any CPU.Build.0 = Debug|Any CPU
		{6D60C0BD-D787-2E71-3340-EB2AD975841E}.Release|Any CPU.ActiveCfg = Release|Any CPU
		{6D60C0BD-D787-2E71-3340-EB2AD975841E}.Release|Any CPU.Build.0 = Release|Any CPU
	EndGlobalSection
	GlobalSection(SolutionProperties) = preSolution
		HideSolutionNode = FALSE
	EndGlobalSection
	GlobalSection(MonoDevelopProperties) = preSolution
		StartupItem = Assembly-CSharp.csproj
	EndGlobalSection
EndGlobal
